
Microsoft Visual Studio Solution File, Format Version 12.00
# Visual Studio 15
Project("{FAE04EC0-301F-11D3-BF4B-00C04F79EFBC}") = "Assembly-CSharp-Editor", "Assembly-CSharp-Editor.csproj", "{E1724208-E12A-3950-6DEC-33A545F4D67B}"
EndProject
Project("{FAE04EC0-301F-11D3-BF4B-00C04F79EFBC}") = "Assembly-CSharp", "Assembly-CSharp.csproj", "{2B829EEA-F3EB-F778-5C49-E65FC9B4E825}"
EndProject
Global
	GlobalSection(SolutionConfigurationPlatforms) = preSolution
		Debug|Any CPU = Debug|Any CPU
		Release|Any CPU = Release|Any CPU
	EndGlobalSection
	GlobalSection(ProjectConfigurationPlatforms) = postSolution
		{E1724208-E12A-3950-6DEC-33A545F4D67B}.Debug|Any CPU.ActiveCfg = Debug|Any CPU
		{E1724208-E12A-3950-6DEC-33A545F4D67B}.Debug|Any CPU.Build.0 = Debug|Any CPU
		{E1724208-E12A-3950-6DEC-33A545F4D67B}.Release|Any CPU.ActiveCfg = Release|Any CPU
		{E1724208-E12A-3950-6DEC-33A545F4D67B}.Release|Any CPU.Build.0 = Release|Any CPU
		{2B829EEA-F3EB-F778-5C49-E65FC9B4E825}.Debug|Any CPU.ActiveCfg = Debug|Any CPU
		{2B829EEA-F3EB-F778-5C49-E65FC9B4E825}.Debug|Any CPU.Build.0 = Debug|Any CPU
		{2B829EEA-F3EB-F778-5C49-E65FC9B4E825}.Release|Any CPU.ActiveCfg = Release|Any CPU
		{2B829EEA-F3EB-F778-5C49-E65FC9B4E825}.Release|Any CPU.Build.0 = Release|Any CPU
	EndGlobalSection
	GlobalSection(SolutionProperties) = preSolution
		HideSolutionNode = FALSE
	EndGlobalSection
EndGlobal
